
Microsoft Visual Studio Solution File, Format Version 12.00
# Visual Studio Version 17
VisualStudioVersion = 17.9.34728.123
MinimumVisualStudioVersion = 10.0.40219.1
Project("{FAE04EC0-301F-11D3-BF4B-00C04F79EFBC}") = "ECommerce.Api.Products", "ECommerce.Api.Products\ECommerce.Api.Products.csproj", "{5731DB01-C371-45F7-8822-EC8573DE8A1F}"
EndProject
Project("{FAE04EC0-301F-11D3-BF4B-00C04F79EFBC}") = "ECommerce.Api.Customers", "ECommerce.Api.Customers\ECommerce.Api.Customers.csproj", "{097E2B32-2691-4873-8DC3-798946ADE1EA}"
EndProject
Project("{FAE04EC0-301F-11D3-BF4B-00C04F79EFBC}") = "ECommerce.Api.Orders", "ECommerce.Api.Orders\ECommerce.Api.Orders.csproj", "{79B403B8-B935-439C-8AE2-CB61E5927130}"
EndProject
Project("{FAE04EC0-301F-11D3-BF4B-00C04F79EFBC}") = "ECommerce.Api.Search", "ECommerce.Api.Search\ECommerce.Api.Search.csproj", "{1653F11A-870E-438C-A0E3-77AFD9EF070D}"
EndProject
Project("{FAE04EC0-301F-11D3-BF4B-00C04F79EFBC}") = "ECommerce.Api.Products.Tests", "ECommerce.Api.Products.Tests\ECommerce.Api.Products.Tests.csproj", "{FB61FB21-25A7-4984-BD9B-1E737C383486}"
EndProject
Global
	GlobalSection(SolutionConfigurationPlatforms) = preSolution
		Debug|Any CPU = Debug|Any CPU
		Release|Any CPU = Release|Any CPU
	EndGlobalSection
	GlobalSection(ProjectConfigurationPlatforms) = postSolution
		{5731DB01-C371-45F7-8822-EC8573DE8A1F}.Debug|Any CPU.ActiveCfg = Debug|Any CPU
		{5731DB01-C371-45F7-8822-EC8573DE8A1F}.Debug|Any CPU.Build.0 = Debug|Any CPU
		{5731DB01-C371-45F7-8822-EC8573DE8A1F}.Release|Any CPU.ActiveCfg = Release|Any CPU
		{5731DB01-C371-45F7-8822-EC8573DE8A1F}.Release|Any CPU.Build.0 = Release|Any CPU
		{097E2B32-2691-4873-8DC3-798946ADE1EA}.Debug|Any CPU.ActiveCfg = Debug|Any CPU
		{097E2B32-2691-4873-8DC3-798946ADE1EA}.Debug|Any CPU.Build.0 = Debug|Any CPU
		{097E2B32-2691-4873-8DC3-798946ADE1EA}.Release|Any CPU.ActiveCfg = Release|Any CPU
		{097E2B32-2691-4873-8DC3-798946ADE1EA}.Release|Any CPU.Build.0 = Release|Any CPU
		{79B403B8-B935-439C-8AE2-CB61E5927130}.Debug|Any CPU.ActiveCfg = Debug|Any CPU
		{79B403B8-B935-439C-8AE2-CB61E5927130}.Debug|Any CPU.Build.0 = Debug|Any CPU
		{79B403B8-B935-439C-8AE2-CB61E5927130}.Release|Any CPU.ActiveCfg = Release|Any CPU
		{79B403B8-B935-439C-8AE2-CB61E5927130}.Release|Any CPU.Build.0 = Release|Any CPU
		{1653F11A-870E-438C-A0E3-77AFD9EF070D}.Debug|Any CPU.ActiveCfg = Debug|Any CPU
		{1653F11A-870E-438C-A0E3-77AFD9EF070D}.Debug|Any CPU.Build.0 = Debug|Any CPU
		{1653F11A-870E-438C-A0E3-77AFD9EF070D}.Release|Any CPU.ActiveCfg = Release|Any CPU
		{1653F11A-870E-438C-A0E3-77AFD9EF070D}.Release|Any CPU.Build.0 = Release|Any CPU
		{FB61FB21-25A7-4984-BD9B-1E737C383486}.Debug|Any CPU.ActiveCfg = Debug|Any CPU
		{FB61FB21-25A7-4984-BD9B-1E737C383486}.Debug|Any CPU.Build.0 = Debug|Any CPU
		{FB61FB21-25A7-4984-BD9B-1E737C383486}.Release|Any CPU.ActiveCfg = Release|Any CPU
		{FB61FB21-25A7-4984-BD9B-1E737C383486}.Release|Any CPU.Build.0 = Release|Any CPU
	EndGlobalSection
	GlobalSection(SolutionProperties) = preSolution
		HideSolutionNode = FALSE
	EndGlobalSection
	GlobalSection(ExtensibilityGlobals) = postSolution
		SolutionGuid = {30463C4E-F549-4BED-9CAC-5A5306EAC2DB}
	EndGlobalSection
EndGlobal
